
Microsoft Visual Studio Solution File, Format Version 12.00
# Visual Studio 15
VisualStudioVersion = 15.0.28307.421
MinimumVisualStudioVersion = 10.0.40219.1
Project("{FAE04EC0-301F-11D3-BF4B-00C04F79EFBC}") = "ComicBookGallery", "ComicBookGallery\ComicBookGallery.csproj", "{53A96908-E37D-45E5-969F-1D23F6013AA8}"
EndProject
Global
	GlobalSection(SolutionConfigurationPlatforms) = preSolution
		Debug|Any CPU = Debug|Any CPU
		Release|Any CPU = Release|Any CPU
	EndGlobalSection
	GlobalSection(ProjectConfigurationPlatforms) = postSolution
		{53A96908-E37D-45E5-969F-1D23F6013AA8}.Debug|Any CPU.ActiveCfg = Debug|Any CPU
		{53A96908-E37D-45E5-969F-1D23F6013AA8}.Debug|Any CPU.Build.0 = Debug|Any CPU
		{53A96908-E37D-45E5-969F-1D23F6013AA8}.Release|Any CPU.ActiveCfg = Release|Any CPU
		{53A96908-E37D-45E5-969F-1D23F6013AA8}.Release|Any CPU.Build.0 = Release|Any CPU
	EndGlobalSection
	GlobalSection(SolutionProperties) = preSolution
		HideSolutionNode = FALSE
	EndGlobalSection
	GlobalSection(ExtensibilityGlobals) = postSolution
		SolutionGuid = {925A76A9-315A-4AF4-8AF3-B213ADFC2CBC}
	EndGlobalSection
EndGlobal
